
Microsoft Visual Studio Solution File, Format Version 12.00
# Visual Studio Version 17
VisualStudioVersion = 17.3.32929.385
MinimumVisualStudioVersion = 10.0.40219.1
Project("{9A19103F-16F7-4668-BE54-9A1E7A4F7556}") = "InputActions", "InputActions\InputActions.csproj", "{44157630-1080-4225-9E9D-28E1B38F5AA3}"
EndProject
Project("{FAE04EC0-301F-11D3-BF4B-00C04F79EFBC}") = "InputActions.NET6.TestWPFApp", "InputActions.NET6.TestWPFApp\InputActions.NET6.TestWPFApp.csproj", "{77A39C42-B0D7-4759-A191-AFA798A11DD8}"
EndProject
Global
	GlobalSection(SolutionConfigurationPlatforms) = preSolution
		Debug|Any CPU = Debug|Any CPU
		Release|Any CPU = Release|Any CPU
	EndGlobalSection
	GlobalSection(ProjectConfigurationPlatforms) = postSolution
		{44157630-1080-4225-9E9D-28E1B38F5AA3}.Debug|Any CPU.ActiveCfg = Debug|Any CPU
		{44157630-1080-4225-9E9D-28E1B38F5AA3}.Debug|Any CPU.Build.0 = Debug|Any CPU
		{44157630-1080-4225-9E9D-28E1B38F5AA3}.Release|Any CPU.ActiveCfg = Release|Any CPU
		{44157630-1080-4225-9E9D-28E1B38F5AA3}.Release|Any CPU.Build.0 = Release|Any CPU
		{77A39C42-B0D7-4759-A191-AFA798A11DD8}.Debug|Any CPU.ActiveCfg = Debug|Any CPU
		{77A39C42-B0D7-4759-A191-AFA798A11DD8}.Debug|Any CPU.Build.0 = Debug|Any CPU
		{77A39C42-B0D7-4759-A191-AFA798A11DD8}.Release|Any CPU.ActiveCfg = Release|Any CPU
		{77A39C42-B0D7-4759-A191-AFA798A11DD8}.Release|Any CPU.Build.0 = Release|Any CPU
	EndGlobalSection
	GlobalSection(SolutionProperties) = preSolution
		HideSolutionNode = FALSE
	EndGlobalSection
	GlobalSection(ExtensibilityGlobals) = postSolution
		SolutionGuid = {4E3E76A1-4805-41EC-8A7E-52CC17494850}
	EndGlobalSection
EndGlobal
